
Microsoft Visual Studio Solution File, Format Version 12.00
# Visual Studio Version 16
VisualStudioVersion = 16.0.30804.86
MinimumVisualStudioVersion = 15.0.26124.0
Project("{9A19103F-16F7-4668-BE54-9A1E7A4F7556}") = "Project2.DataModel", "Project2.DataModel\Project2.DataModel.csproj", "{492C8E07-4E99-43A6-A8ED-7412EF0BBF35}"
EndProject
Project("{9A19103F-16F7-4668-BE54-9A1E7A4F7556}") = "Project2.Api", "Project2.Api\Project2.Api.csproj", "{C1A29FF0-1F4B-47A2-989A-43AE957679D9}"
EndProject
Project("{9A19103F-16F7-4668-BE54-9A1E7A4F7556}") = "Project2", "Project2\Project2.csproj", "{F806C157-A62E-4543-AF28-E240199914BC}"
EndProject
Project("{9A19103F-16F7-4668-BE54-9A1E7A4F7556}") = "Project2.Api.Test", "Project2.Api.Test\Project2.Api.Test.csproj", "{E269523E-8EF4-4071-8AEE-B0544E1C55E7}"
EndProject
Project("{9A19103F-16F7-4668-BE54-9A1E7A4F7556}") = "Project2.DataModel.Test", "Project2.DataModel.Test\Project2.DataModel.Test.csproj", "{FD09C176-360A-49FB-8ABB-300455080C29}"
EndProject
Project("{FAE04EC0-301F-11D3-BF4B-00C04F79EFBC}") = "Project2.Domain", "Project2.Domain\Project2.Domain.csproj", "{A97F229E-04F4-4EDB-9093-119B3EBF899B}"
EndProject
Global
	GlobalSection(SolutionConfigurationPlatforms) = preSolution
		Debug|Any CPU = Debug|Any CPU
		Debug|x64 = Debug|x64
		Debug|x86 = Debug|x86
		Release|Any CPU = Release|Any CPU
		Release|x64 = Release|x64
		Release|x86 = Release|x86
	EndGlobalSection
	GlobalSection(ProjectConfigurationPlatforms) = postSolution
		{492C8E07-4E99-43A6-A8ED-7412EF0BBF35}.Debug|Any CPU.ActiveCfg = Debug|Any CPU
		{492C8E07-4E99-43A6-A8ED-7412EF0BBF35}.Debug|Any CPU.Build.0 = Debug|Any CPU
		{492C8E07-4E99-43A6-A8ED-7412EF0BBF35}.Debug|x64.ActiveCfg = Debug|Any CPU
		{492C8E07-4E99-43A6-A8ED-7412EF0BBF35}.Debug|x64.Build.0 = Debug|Any CPU
		{492C8E07-4E99-43A6-A8ED-7412EF0BBF35}.Debug|x86.ActiveCfg = Debug|Any CPU
		{492C8E07-4E99-43A6-A8ED-7412EF0BBF35}.Debug|x86.Build.0 = Debug|Any CPU
		{492C8E07-4E99-43A6-A8ED-7412EF0BBF35}.Release|Any CPU.ActiveCfg = Release|Any CPU
		{492C8E07-4E99-43A6-A8ED-7412EF0BBF35}.Release|Any CPU.Build.0 = Release|Any CPU
		{492C8E07-4E99-43A6-A8ED-7412EF0BBF35}.Release|x64.ActiveCfg = Release|Any CPU
		{492C8E07-4E99-43A6-A8ED-7412EF0BBF35}.Release|x64.Build.0 = Release|Any CPU
		{492C8E07-4E99-43A6-A8ED-7412EF0BBF35}.Release|x86.ActiveCfg = Release|Any CPU
		{492C8E07-4E99-43A6-A8ED-7412EF0BBF35}.Release|x86.Build.0 = Release|Any CPU
		{C1A29FF0-1F4B-47A2-989A-43AE957679D9}.Debug|Any CPU.ActiveCfg = Debug|Any CPU
		{C1A29FF0-1F4B-47A2-989A-43AE957679D9}.Debug|Any CPU.Build.0 = Debug|Any CPU
		{C1A29FF0-1F4B-47A2-989A-43AE957679D9}.Debug|x64.ActiveCfg = Debug|Any CPU
		{C1A29FF0-1F4B-47A2-989A-43AE957679D9}.Debug|x64.Build.0 = Debug|Any CPU
		{C1A29FF0-1F4B-47A2-989A-43AE957679D9}.Debug|x86.ActiveCfg = Debug|Any CPU
		{C1A29FF0-1F4B-47A2-989A-43AE957679D9}.Debug|x86.Build.0 = Debug|Any CPU
		{C1A29FF0-1F4B-47A2-989A-43AE957679D9}.Release|Any CPU.ActiveCfg = Release|Any CPU
		{C1A29FF0-1F4B-47A2-989A-43AE957679D9}.Release|Any CPU.Build.0 = Release|Any CPU
		{C1A29FF0-1F4B-47A2-989A-43AE957679D9}.Release|x64.ActiveCfg = Release|Any CPU
		{C1A29FF0-1F4B-47A2-989A-43AE957679D9}.Release|x64.Build.0 = Release|Any CPU
		{C1A29FF0-1F4B-47A2-989A-43AE957679D9}.Release|x86.ActiveCfg = Release|Any CPU
		{C1A29FF0-1F4B-47A2-989A-43AE957679D9}.Release|x86.Build.0 = Release|Any CPU
		{F806C157-A62E-4543-AF28-E240199914BC}.Debug|Any CPU.ActiveCfg = Debug|Any CPU
		{F806C157-A62E-4543-AF28-E240199914BC}.Debug|Any CPU.Build.0 = Debug|Any CPU
		{F806C157-A62E-4543-AF28-E240199914BC}.Debug|x64.ActiveCfg = Debug|Any CPU
		{F806C157-A62E-4543-AF28-E240199914BC}.Debug|x64.Build.0 = Debug|Any CPU
		{F806C157-A62E-4543-AF28-E240199914BC}.Debug|x86.ActiveCfg = Debug|Any CPU
		{F806C157-A62E-4543-AF28-E240199914BC}.Debug|x86.Build.0 = Debug|Any CPU
		{F806C157-A62E-4543-AF28-E240199914BC}.Release|Any CPU.ActiveCfg = Release|Any CPU
		{F806C157-A62E-4543-AF28-E240199914BC}.Release|Any CPU.Build.0 = Release|Any CPU
		{F806C157-A62E-4543-AF28-E240199914BC}.Release|x64.ActiveCfg = Release|Any CPU
		{F806C157-A62E-4543-AF28-E240199914BC}.Release|x64.Build.0 = Release|Any CPU
		{F806C157-A62E-4543-AF28-E240199914BC}.Release|x86.ActiveCfg = Release|Any CPU
		{F806C157-A62E-4543-AF28-E240199914BC}.Release|x86.Build.0 = Release|Any CPU
		{E269523E-8EF4-4071-8AEE-B0544E1C55E7}.Debug|Any CPU.ActiveCfg = Debug|Any CPU
		{E269523E-8EF4-4071-8AEE-B0544E1C55E7}.Debug|Any CPU.Build.0 = Debug|Any CPU
		{E269523E-8EF4-4071-8AEE-B0544E1C55E7}.Debug|x64.ActiveCfg = Debug|Any CPU
		{E269523E-8EF4-4071-8AEE-B0544E1C55E7}.Debug|x64.Build.0 = Debug|Any CPU
		{E269523E-8EF4-4071-8AEE-B0544E1C55E7}.Debug|x86.ActiveCfg = Debug|Any CPU
		{E269523E-8EF4-4071-8AEE-B0544E1C55E7}.Debug|x86.Build.0 = Debug|Any CPU
		{E269523E-8EF4-4071-8AEE-B0544E1C55E7}.Release|Any CPU.ActiveCfg = Release|Any CPU
		{E269523E-8EF4-4071-8AEE-B0544E1C55E7}.Release|Any CPU.Build.0 = Release|Any CPU
		{E269523E-8EF4-4071-8AEE-B0544E1C55E7}.Release|x64.ActiveCfg = Release|Any CPU
		{E269523E-8EF4-4071-8AEE-B0544E1C55E7}.Release|x64.Build.0 = Release|Any CPU
		{E269523E-8EF4-4071-8AEE-B0544E1C55E7}.Release|x86.ActiveCfg = Release|Any CPU
		{E269523E-8EF4-4071-8AEE-B0544E1C55E7}.Release|x86.Build.0 = Release|Any CPU
		{FD09C176-360A-49FB-8ABB-300455080C29}.Debug|Any CPU.ActiveCfg = Debug|Any CPU
		{FD09C176-360A-49FB-8ABB-300455080C29}.Debug|Any CPU.Build.0 = Debug|Any CPU
		{FD09C176-360A-49FB-8ABB-300455080C29}.Debug|x64.ActiveCfg = Debug|Any CPU
		{FD09C176-360A-49FB-8ABB-300455080C29}.Debug|x64.Build.0 = Debug|Any CPU
		{FD09C176-360A-49FB-8ABB-300455080C29}.Debug|x86.ActiveCfg = Debug|Any CPU
		{FD09C176-360A-49FB-8ABB-300455080C29}.Debug|x86.Build.0 = Debug|Any CPU
		{FD09C176-360A-49FB-8ABB-300455080C29}.Release|Any CPU.ActiveCfg = Release|Any CPU
		{FD09C176-360A-49FB-8ABB-300455080C29}.Release|Any CPU.Build.0 = Release|Any CPU
		{FD09C176-360A-49FB-8ABB-300455080C29}.Release|x64.ActiveCfg = Release|Any CPU
		{FD09C176-360A-49FB-8ABB-300455080C29}.Release|x64.Build.0 = Release|Any CPU
		{FD09C176-360A-49FB-8ABB-300455080C29}.Release|x86.ActiveCfg = Release|Any CPU
		{FD09C176-360A-49FB-8ABB-300455080C29}.Release|x86.Build.0 = Release|Any CPU
		{A97F229E-04F4-4EDB-9093-119B3EBF899B}.Debug|Any CPU.ActiveCfg = Debug|Any CPU
		{A97F229E-04F4-4EDB-9093-119B3EBF899B}.Debug|Any CPU.Build.0 = Debug|Any CPU
		{A97F229E-04F4-4EDB-9093-119B3EBF899B}.Debug|x64.ActiveCfg = Debug|Any CPU
		{A97F229E-04F4-4EDB-9093-119B3EBF899B}.Debug|x64.Build.0 = Debug|Any CPU
		{A97F229E-04F4-4EDB-9093-119B3EBF899B}.Debug|x86.ActiveCfg = Debug|Any CPU
		{A97F229E-04F4-4EDB-9093-119B3EBF899B}.Debug|x86.Build.0 = Debug|Any CPU
		{A97F229E-04F4-4EDB-9093-119B3EBF899B}.Release|Any CPU.ActiveCfg = Release|Any CPU
		{A97F229E-04F4-4EDB-9093-119B3EBF899B}.Release|Any CPU.Build.0 = Release|Any CPU
		{A97F229E-04F4-4EDB-9093-119B3EBF899B}.Release|x64.ActiveCfg = Release|Any CPU
		{A97F229E-04F4-4EDB-9093-119B3EBF899B}.Release|x64.Build.0 = Release|Any CPU
		{A97F229E-04F4-4EDB-9093-119B3EBF899B}.Release|x86.ActiveCfg = Release|Any CPU
		{A97F229E-04F4-4EDB-9093-119B3EBF899B}.Release|x86.Build.0 = Release|Any CPU
	EndGlobalSection
	GlobalSection(SolutionProperties) = preSolution
		HideSolutionNode = FALSE
	EndGlobalSection
	GlobalSection(ExtensibilityGlobals) = postSolution
		SolutionGuid = {AE05AF67-6AB9-4AC7-8855-EA9AE37DEF17}
	EndGlobalSection
EndGlobal
